
Microsoft Visual Studio Solution File, Format Version 12.00
# Visual Studio Version 17
VisualStudioVersion = 17.1.32328.378
MinimumVisualStudioVersion = 10.0.40219.1
Project("{FAE04EC0-301F-11D3-BF4B-00C04F79EFBC}") = "ZxingAndroidEmbeddedDotNet", "ZxingAndroidEmbeddedDotNet\ZxingAndroidEmbeddedDotNet.csproj", "{32B00873-3166-41B2-8986-CB7BD0071346}"
EndProject
Project("{FAE04EC0-301F-11D3-BF4B-00C04F79EFBC}") = "Test", "Test\Test.csproj", "{8EF0B406-5E16-4E1B-84E2-99F367DEAF74}"
EndProject
Global
	GlobalSection(SolutionConfigurationPlatforms) = preSolution
		Debug|Any CPU = Debug|Any CPU
		Release|Any CPU = Release|Any CPU
	EndGlobalSection
	GlobalSection(ProjectConfigurationPlatforms) = postSolution
		{32B00873-3166-41B2-8986-CB7BD0071346}.Debug|Any CPU.ActiveCfg = Debug|Any CPU
		{32B00873-3166-41B2-8986-CB7BD0071346}.Debug|Any CPU.Build.0 = Debug|Any CPU
		{32B00873-3166-41B2-8986-CB7BD0071346}.Release|Any CPU.ActiveCfg = Release|Any CPU
		{32B00873-3166-41B2-8986-CB7BD0071346}.Release|Any CPU.Build.0 = Release|Any CPU
		{8EF0B406-5E16-4E1B-84E2-99F367DEAF74}.Debug|Any CPU.ActiveCfg = Debug|Any CPU
		{8EF0B406-5E16-4E1B-84E2-99F367DEAF74}.Debug|Any CPU.Build.0 = Debug|Any CPU
		{8EF0B406-5E16-4E1B-84E2-99F367DEAF74}.Debug|Any CPU.Deploy.0 = Debug|Any CPU
		{8EF0B406-5E16-4E1B-84E2-99F367DEAF74}.Release|Any CPU.ActiveCfg = Release|Any CPU
		{8EF0B406-5E16-4E1B-84E2-99F367DEAF74}.Release|Any CPU.Build.0 = Release|Any CPU
		{8EF0B406-5E16-4E1B-84E2-99F367DEAF74}.Release|Any CPU.Deploy.0 = Release|Any CPU
	EndGlobalSection
	GlobalSection(SolutionProperties) = preSolution
		HideSolutionNode = FALSE
	EndGlobalSection
	GlobalSection(ExtensibilityGlobals) = postSolution
		SolutionGuid = {6D786629-118B-49FA-BF87-B3D2B5B256A3}
	EndGlobalSection
EndGlobal
